
Microsoft Visual Studio Solution File, Format Version 12.00
# Visual Studio Version 16
VisualStudioVersion = 16.0.31729.503
MinimumVisualStudioVersion = 10.0.40219.1
Project("{D2ABAB84-BF74-430A-B69E-9DC6D40DDA17}") = "MultidimensionalCube", "MultidimensionalCube\MultidimensionalCube.dwproj", "{29D02F13-F8BF-482B-B65A-E594EDE4BF1F}"
EndProject
Global
	GlobalSection(SolutionConfigurationPlatforms) = preSolution
		Development|Default = Development|Default
	EndGlobalSection
	GlobalSection(ProjectConfigurationPlatforms) = postSolution
		{29D02F13-F8BF-482B-B65A-E594EDE4BF1F}.Development|Default.ActiveCfg = Development
		{29D02F13-F8BF-482B-B65A-E594EDE4BF1F}.Development|Default.Build.0 = Development
		{29D02F13-F8BF-482B-B65A-E594EDE4BF1F}.Development|Default.Deploy.0 = Development
	EndGlobalSection
	GlobalSection(SolutionProperties) = preSolution
		HideSolutionNode = FALSE
	EndGlobalSection
	GlobalSection(ExtensibilityGlobals) = postSolution
		SolutionGuid = {82FD5ED6-5D20-477E-B5A0-84A6B1205E22}
	EndGlobalSection
EndGlobal
