
Microsoft Visual Studio Solution File, Format Version 12.00
# Visual Studio Version 16
VisualStudioVersion = 16.0.31729.503
MinimumVisualStudioVersion = 10.0.40219.1
Project("{159641D6-6404-4A2A-AE62-294DE0FE8301}") = "OdontologyConsultantETL", "OdontologyConsultantETL\OdontologyConsultantETL.dtproj", "{4D9153E5-F8C6-48F8-A7DE-66269DB19FE8}"
EndProject
Global
	GlobalSection(SolutionConfigurationPlatforms) = preSolution
		Development|Default = Development|Default
	EndGlobalSection
	GlobalSection(ProjectConfigurationPlatforms) = postSolution
		{4D9153E5-F8C6-48F8-A7DE-66269DB19FE8}.Development|Default.ActiveCfg = Development
		{4D9153E5-F8C6-48F8-A7DE-66269DB19FE8}.Development|Default.Build.0 = Development
	EndGlobalSection
	GlobalSection(SolutionProperties) = preSolution
		HideSolutionNode = FALSE
	EndGlobalSection
	GlobalSection(ExtensibilityGlobals) = postSolution
		SolutionGuid = {92DF5763-7CDC-4C0A-A50E-1AE27EC31A43}
	EndGlobalSection
EndGlobal
